// !$*UTF8*$!
{
	archiveVersion = 1;
	classes = {
	};
	objectVersion = 55;
	objects = {

/* Begin PBXBuildFile section */
		251CB8BD283E227B003E6029 /* Kingfisher in Frameworks */ = {isa = PBXBuildFile; productRef = 251CB8BC283E227B003E6029 /* Kingfisher */; };
		259B4CD728254E1B00CE81A2 /* AppDelegate.swift in Sources */ = {isa = PBXBuildFile; fileRef = 259B4CD628254E1B00CE81A2 /* AppDelegate.swift */; };
		259B4CD928254E1B00CE81A2 /* SceneDelegate.swift in Sources */ = {isa = PBXBuildFile; fileRef = 259B4CD828254E1B00CE81A2 /* SceneDelegate.swift */; };
		259B4CDB28254E1B00CE81A2 /* ViewController.swift in Sources */ = {isa = PBXBuildFile; fileRef = 259B4CDA28254E1B00CE81A2 /* ViewController.swift */; };
		259B4CDE28254E1B00CE81A2 /* Main.storyboard in Resources */ = {isa = PBXBuildFile; fileRef = 259B4CDC28254E1B00CE81A2 /* Main.storyboard */; };
		259B4CE028254E1C00CE81A2 /* Assets.xcassets in Resources */ = {isa = PBXBuildFile; fileRef = 259B4CDF28254E1C00CE81A2 /* Assets.xcassets */; };
		259B4CE328254E1C00CE81A2 /* LaunchScreen.storyboard in Resources */ = {isa = PBXBuildFile; fileRef = 259B4CE128254E1C00CE81A2 /* LaunchScreen.storyboard */; };
		25FFD49E282564A300B418E9 /* ViewController2.swift in Sources */ = {isa = PBXBuildFile; fileRef = 25FFD49D282564A300B418E9 /* ViewController2.swift */; };
		CF1DE8BA0D07129B2BDF0BE3 /* Pods_AutorizationProject.framework in Frameworks */ = {isa = PBXBuildFile; fileRef = E02A08283E50B70D6DA8A384 /* Pods_AutorizationProject.framework */; };
/* End PBXBuildFile section */

/* Begin PBXFileReference section */
		259B4CD328254E1B00CE81A2 /* AutorizationProject.app */ = {isa = PBXFileReference; explicitFileType = wrapper.application; includeInIndex = 0; path = AutorizationProject.app; sourceTree = BUILT_PRODUCTS_DIR; };
		259B4CD628254E1B00CE81A2 /* AppDelegate.swift */ = {isa = PBXFileReference; lastKnownFileType = sourcecode.swift; path = AppDelegate.swift; sourceTree = "<group>"; };
		259B4CD828254E1B00CE81A2 /* SceneDelegate.swift */ = {isa = PBXFileReference; lastKnownFileType = sourcecode.swift; path = SceneDelegate.swift; sourceTree = "<group>"; };
		259B4CDA28254E1B00CE81A2 /* ViewController.swift */ = {isa = PBXFileReference; lastKnownFileType = sourcecode.swift; path = ViewController.swift; sourceTree = "<group>"; };
		259B4CDD28254E1B00CE81A2 /* Base */ = {isa = PBXFileReference; lastKnownFileType = file.storyboard; name = Base; path = Base.lproj/Main.storyboard; sourceTree = "<group>"; };
		259B4CDF28254E1C00CE81A2 /* Assets.xcassets */ = {isa = PBXFileReference; lastKnownFileType = folder.assetcatalog; path = Assets.xcassets; sourceTree = "<group>"; };
		259B4CE228254E1C00CE81A2 /* Base */ = {isa = PBXFileReference; lastKnownFileType = file.storyboard; name = Base; path = Base.lproj/LaunchScreen.storyboard; sourceTree = "<group>"; };
		259B4CE428254E1C00CE81A2 /* Info.plist */ = {isa = PBXFileReference; lastKnownFileType = text.plist.xml; path = Info.plist; sourceTree = "<group>"; };
		25FFD49D282564A300B418E9 /* ViewController2.swift */ = {isa = PBXFileReference; lastKnownFileType = sourcecode.swift; path = ViewController2.swift; sourceTree = "<group>"; };
		4A46904D5B0D031322943C9E /* Pods-AutorizationProject.debug.xcconfig */ = {isa = PBXFileReference; includeInIndex = 1; lastKnownFileType = text.xcconfig; name = "Pods-AutorizationProject.debug.xcconfig"; path = "Target Support Files/Pods-AutorizationProject/Pods-AutorizationProject.debug.xcconfig"; sourceTree = "<group>"; };
		E02A08283E50B70D6DA8A384 /* Pods_AutorizationProject.framework */ = {isa = PBXFileReference; explicitFileType = wrapper.framework; includeInIndex = 0; path = Pods_AutorizationProject.framework; sourceTree = BUILT_PRODUCTS_DIR; };
		FA49F2413E79E06AB18403A7 /* Pods-AutorizationProject.release.xcconfig */ = {isa = PBXFileReference; includeInIndex = 1; lastKnownFileType = text.xcconfig; name = "Pods-AutorizationProject.release.xcconfig"; path = "Target Support Files/Pods-AutorizationProject/Pods-AutorizationProject.release.xcconfig"; sourceTree = "<group>"; };
/* End PBXFileReference section */

/* Begin PBXFrameworksBuildPhase section */
		259B4CD028254E1B00CE81A2 /* Frameworks */ = {
			isa = PBXFrameworksBuildPhase;
			buildActionMask = 2147483647;
			files = (
				251CB8BD283E227B003E6029 /* Kingfisher in Frameworks */,
				CF1DE8BA0D07129B2BDF0BE3 /* Pods_AutorizationProject.framework in Frameworks */,
			);
			runOnlyForDeploymentPostprocessing = 0;
		};
/* End PBXFrameworksBuildPhase section */

/* Begin PBXGroup section */
		259B4CCA28254E1B00CE81A2 = {
			isa = PBXGroup;
			children = (
				259B4CD528254E1B00CE81A2 /* AutorizationProject */,
				259B4CD428254E1B00CE81A2 /* Products */,
				91A68815844E7A914F5EBF00 /* Pods */,
				86773BDAA559D8A4900FB558 /* Frameworks */,
			);
			sourceTree = "<group>";
		};
		259B4CD428254E1B00CE81A2 /* Products */ = {
			isa = PBXGroup;
			children = (
				259B4CD328254E1B00CE81A2 /* AutorizationProject.app */,
			);
			name = Products;
			sourceTree = "<group>";
		};
		259B4CD528254E1B00CE81A2 /* AutorizationProject */ = {
			isa = PBXGroup;
			children = (
				259B4CD628254E1B00CE81A2 /* AppDelegate.swift */,
				259B4CD828254E1B00CE81A2 /* SceneDelegate.swift */,
				259B4CDA28254E1B00CE81A2 /* ViewController.swift */,
				25FFD49D282564A300B418E9 /* ViewController2.swift */,
				259B4CDC28254E1B00CE81A2 /* Main.storyboard */,
				259B4CDF28254E1C00CE81A2 /* Assets.xcassets */,
				259B4CE128254E1C00CE81A2 /* LaunchScreen.storyboard */,
				259B4CE428254E1C00CE81A2 /* Info.plist */,
			);
			path = AutorizationProject;
			sourceTree = "<group>";
		};
		86773BDAA559D8A4900FB558 /* Frameworks */ = {
			isa = PBXGroup;
			children = (
				E02A08283E50B70D6DA8A384 /* Pods_AutorizationProject.framework */,
			);
			name = Frameworks;
			sourceTree = "<group>";
		};
		91A68815844E7A914F5EBF00 /* Pods */ = {
			isa = PBXGroup;
			children = (
				4A46904D5B0D031322943C9E /* Pods-AutorizationProject.debug.xcconfig */,
				FA49F2413E79E06AB18403A7 /* Pods-AutorizationProject.release.xcconfig */,
			);
			path = Pods;
			sourceTree = "<group>";
		};
/* End PBXGroup section */

/* Begin PBXNativeTarget section */
		259B4CD228254E1B00CE81A2 /* AutorizationProject */ = {
			isa = PBXNativeTarget;
			buildConfigurationList = 259B4CE728254E1C00CE81A2 /* Build configuration list for PBXNativeTarget "AutorizationProject" */;
			buildPhases = (
				498840078E374880805FE3EE /* [CP] Check Pods Manifest.lock */,
				259B4CCF28254E1B00CE81A2 /* Sources */,
				259B4CD028254E1B00CE81A2 /* Frameworks */,
				259B4CD128254E1B00CE81A2 /* Resources */,
				A8F481480E0DEC3557E40B0A /* [CP] Embed Pods Frameworks */,
			);
			buildRules = (
			);
			dependencies = (
			);
			name = AutorizationProject;
			packageProductDependencies = (
				251CB8BC283E227B003E6029 /* Kingfisher */,
			);
			productName = AutorizationProject;
			productReference = 259B4CD328254E1B00CE81A2 /* AutorizationProject.app */;
			productType = "com.apple.product-type.application";
		};
/* End PBXNativeTarget section */

/* Begin PBXProject section */
		259B4CCB28254E1B00CE81A2 /* Project object */ = {
			isa = PBXProject;
			attributes = {
				BuildIndependentTargetsInParallel = 1;
				LastSwiftUpdateCheck = 1330;
				LastUpgradeCheck = 1330;
				TargetAttributes = {
					259B4CD228254E1B00CE81A2 = {
						CreatedOnToolsVersion = 13.3.1;
					};
				};
			};
			buildConfigurationList = 259B4CCE28254E1B00CE81A2 /* Build configuration list for PBXProject "AutorizationProject" */;
			compatibilityVersion = "Xcode 13.0";
			developmentRegion = en;
			hasScannedForEncodings = 0;
			knownRegions = (
				en,
				Base,
			);
			mainGroup = 259B4CCA28254E1B00CE81A2;
			packageReferences = (
				251CB8BB283E227B003E6029 /* XCRemoteSwiftPackageReference "Kingfisher" */,
			);
			productRefGroup = 259B4CD428254E1B00CE81A2 /* Products */;
			projectDirPath = "";
			projectRoot = "";
			targets = (
				259B4CD228254E1B00CE81A2 /* AutorizationProject */,
			);
		};
/* End PBXProject section */

/* Begin PBXResourcesBuildPhase section */
		259B4CD128254E1B00CE81A2 /* Resources */ = {
			isa = PBXResourcesBuildPhase;
			buildActionMask = 2147483647;
			files = (
				259B4CE328254E1C00CE81A2 /* LaunchScreen.storyboard in Resources */,
				259B4CE028254E1C00CE81A2 /* Assets.xcassets in Resources */,
				259B4CDE28254E1B00CE81A2 /* Main.storyboard in Resources */,
			);
			runOnlyForDeploymentPostprocessing = 0;
		};
/* End PBXResourcesBuildPhase section */

/* Begin PBXShellScriptBuildPhase section */
		498840078E374880805FE3EE /* [CP] Check Pods Manifest.lock */ = {
			isa = PBXShellScriptBuildPhase;
			buildActionMask = 2147483647;
			files = (
			);
			inputFileListPaths = (
			);
			inputPaths = (
				"${PODS_PODFILE_DIR_PATH}/Podfile.lock",
				"${PODS_ROOT}/Manifest.lock",
			);
			name = "[CP] Check Pods Manifest.lock";
			outputFileListPaths = (
			);
			outputPaths = (
				"$(DERIVED_FILE_DIR)/Pods-AutorizationProject-checkManifestLockResult.txt",
			);
			runOnlyForDeploymentPostprocessing = 0;
			shellPath = /bin/sh;
			shellScript = "diff \"${PODS_PODFILE_DIR_PATH}/Podfile.lock\" \"${PODS_ROOT}/Manifest.lock\" > /dev/null\nif [ $? != 0 ] ; then\n    # print error to STDERR\n    echo \"error: The sandbox is not in sync with the Podfile.lock. Run 'pod install' or update your CocoaPods installation.\" >&2\n    exit 1\nfi\n# This output is used by Xcode 'outputs' to avoid re-running this script phase.\necho \"SUCCESS\" > \"${SCRIPT_OUTPUT_FILE_0}\"\n";
			showEnvVarsInLog = 0;
		};
		A8F481480E0DEC3557E40B0A /* [CP] Embed Pods Frameworks */ = {
			isa = PBXShellScriptBuildPhase;
			buildActionMask = 2147483647;
			files = (
			);
			inputFileListPaths = (
				"${PODS_ROOT}/Target Support Files/Pods-AutorizationProject/Pods-AutorizationProject-frameworks-${CONFIGURATION}-input-files.xcfilelist",
			);
			name = "[CP] Embed Pods Frameworks";
			outputFileListPaths = (
				"${PODS_ROOT}/Target Support Files/Pods-AutorizationProject/Pods-AutorizationProject-frameworks-${CONFIGURATION}-output-files.xcfilelist",
			);
			runOnlyForDeploymentPostprocessing = 0;
			shellPath = /bin/sh;
			shellScript = "\"${PODS_ROOT}/Target Support Files/Pods-AutorizationProject/Pods-AutorizationProject-frameworks.sh\"\n";
			showEnvVarsInLog = 0;
		};
/* End PBXShellScriptBuildPhase section */

/* Begin PBXSourcesBuildPhase section */
		259B4CCF28254E1B00CE81A2 /* Sources */ = {
			isa = PBXSourcesBuildPhase;
			buildActionMask = 2147483647;
			files = (
				259B4CDB28254E1B00CE81A2 /* ViewController.swift in Sources */,
				25FFD49E282564A300B418E9 /* ViewController2.swift in Sources */,
				259B4CD728254E1B00CE81A2 /* AppDelegate.swift in Sources */,
				259B4CD928254E1B00CE81A2 /* SceneDelegate.swift in Sources */,
			);
			runOnlyForDeploymentPostprocessing = 0;
		};
/* End PBXSourcesBuildPhase section */

/* Begin PBXVariantGroup section */
		259B4CDC28254E1B00CE81A2 /* Main.storyboard */ = {
			isa = PBXVariantGroup;
			children = (
				259B4CDD28254E1B00CE81A2 /* Base */,
			);
			name = Main.storyboard;
			sourceTree = "<group>";
		};
		259B4CE128254E1C00CE81A2 /* LaunchScreen.storyboard */ = {
			isa = PBXVariantGroup;
			children = (
				259B4CE228254E1C00CE81A2 /* Base */,
			);
			name = LaunchScreen.storyboard;
			sourceTree = "<group>";
		};
/* End PBXVariantGroup section */

/* Begin XCBuildConfiguration section */
		259B4CE528254E1C00CE81A2 /* Debug */ = {
			isa = XCBuildConfiguration;
			buildSettings = {
				ALWAYS_SEARCH_USER_PATHS = NO;
				CLANG_ANALYZER_NONNULL = YES;
				CLANG_ANALYZER_NUMBER_OBJECT_CONVERSION = YES_AGGRESSIVE;
				CLANG_CXX_LANGUAGE_STANDARD = "gnu++17";
				CLANG_ENABLE_MODULES = YES;
				CLANG_ENABLE_OBJC_ARC = YES;
				CLANG_ENABLE_OBJC_WEAK = YES;
				CLANG_WARN_BLOCK_CAPTURE_AUTORELEASING = YES;
				CLANG_WARN_BOOL_CONVERSION = YES;
				CLANG_WARN_COMMA = YES;
				CLANG_WARN_CONSTANT_CONVERSION = YES;
				CLANG_WARN_DEPRECATED_OBJC_IMPLEMENTATIONS = YES;
				CLANG_WARN_DIRECT_OBJC_ISA_USAGE = YES_ERROR;
				CLANG_WARN_DOCUMENTATION_COMMENTS = YES;
				CLANG_WARN_EMPTY_BODY = YES;
				CLANG_WARN_ENUM_CONVERSION = YES;
				CLANG_WARN_INFINITE_RECURSION = YES;
				CLANG_WARN_INT_CONVERSION = YES;
				CLANG_WARN_NON_LITERAL_NULL_CONVERSION = YES;
				CLANG_WARN_OBJC_IMPLICIT_RETAIN_SELF = YES;
				CLANG_WARN_OBJC_LITERAL_CONVERSION = YES;
				CLANG_WARN_OBJC_ROOT_CLASS = YES_ERROR;
				CLANG_WARN_QUOTED_INCLUDE_IN_FRAMEWORK_HEADER = YES;
				CLANG_WARN_RANGE_LOOP_ANALYSIS = YES;
				CLANG_WARN_STRICT_PROTOTYPES = YES;
				CLANG_WARN_SUSPICIOUS_MOVE = YES;
				CLANG_WARN_UNGUARDED_AVAILABILITY = YES_AGGRESSIVE;
				CLANG_WARN_UNREACHABLE_CODE = YES;
				CLANG_WARN__DUPLICATE_METHOD_MATCH = YES;
				COPY_PHASE_STRIP = NO;
				DEBUG_INFORMATION_FORMAT = dwarf;
				ENABLE_STRICT_OBJC_MSGSEND = YES;
				ENABLE_TESTABILITY = YES;
				GCC_C_LANGUAGE_STANDARD = gnu11;
				GCC_DYNAMIC_NO_PIC = NO;
				GCC_NO_COMMON_BLOCKS = YES;
				GCC_OPTIMIZATION_LEVEL = 0;
				GCC_PREPROCESSOR_DEFINITIONS = (
					"DEBUG=1",
					"$(inherited)",
				);
				GCC_WARN_64_TO_32_BIT_CONVERSION = YES;
				GCC_WARN_ABOUT_RETURN_TYPE = YES_ERROR;
				GCC_WARN_UNDECLARED_SELECTOR = YES;
				GCC_WARN_UNINITIALIZED_AUTOS = YES_AGGRESSIVE;
				GCC_WARN_UNUSED_FUNCTION = YES;
				GCC_WARN_UNUSED_VARIABLE = YES;
				IPHONEOS_DEPLOYMENT_TARGET = 15.4;
				MTL_ENABLE_DEBUG_INFO = INCLUDE_SOURCE;
				MTL_FAST_MATH = YES;
				ONLY_ACTIVE_ARCH = YES;
				SDKROOT = iphoneos;
				SWIFT_ACTIVE_COMPILATION_CONDITIONS = DEBUG;
				SWIFT_OPTIMIZATION_LEVEL = "-Onone";
			};
			name = Debug;
		};
		259B4CE628254E1C00CE81A2 /* Release */ = {
			isa = XCBuildConfiguration;
			buildSettings = {
				ALWAYS_SEARCH_USER_PATHS = NO;
				CLANG_ANALYZER_NONNULL = YES;
				CLANG_ANALYZER_NUMBER_OBJECT_CONVERSION = YES_AGGRESSIVE;
				CLANG_CXX_LANGUAGE_STANDARD = "gnu++17";
				CLANG_ENABLE_MODULES = YES;
				CLANG_ENABLE_OBJC_ARC = YES;
				CLANG_ENABLE_OBJC_WEAK = YES;
				CLANG_WARN_BLOCK_CAPTURE_AUTORELEASING = YES;
				CLANG_WARN_BOOL_CONVERSION = YES;
				CLANG_WARN_COMMA = YES;
				CLANG_WARN_CONSTANT_CONVERSION = YES;
				CLANG_WARN_DEPRECATED_OBJC_IMPLEMENTATIONS = YES;
				CLANG_WARN_DIRECT_OBJC_ISA_USAGE = YES_ERROR;
				CLANG_WARN_DOCUMENTATION_COMMENTS = YES;
				CLANG_WARN_EMPTY_BODY = YES;
				CLANG_WARN_ENUM_CONVERSION = YES;
				CLANG_WARN_INFINITE_RECURSION = YES;
				CLANG_WARN_INT_CONVERSION = YES;
				CLANG_WARN_NON_LITERAL_NULL_CONVERSION = YES;
				CLANG_WARN_OBJC_IMPLICIT_RETAIN_SELF = YES;
				CLANG_WARN_OBJC_LITERAL_CONVERSION = YES;
				CLANG_WARN_OBJC_ROOT_CLASS = YES_ERROR;
				CLANG_WARN_QUOTED_INCLUDE_IN_FRAMEWORK_HEADER = YES;
				CLANG_WARN_RANGE_LOOP_ANALYSIS = YES;
				CLANG_WARN_STRICT_PROTOTYPES = YES;
				CLANG_WARN_SUSPICIOUS_MOVE = YES;
				CLANG_WARN_UNGUARDED_AVAILABILITY = YES_AGGRESSIVE;
				CLANG_WARN_UNREACHABLE_CODE = YES;
				CLANG_WARN__DUPLICATE_METHOD_MATCH = YES;
				COPY_PHASE_STRIP = NO;
				DEBUG_INFORMATION_FORMAT = "dwarf-with-dsym";
				ENABLE_NS_ASSERTIONS = NO;
				ENABLE_STRICT_OBJC_MSGSEND = YES;
				GCC_C_LANGUAGE_STANDARD = gnu11;
				GCC_NO_COMMON_BLOCKS = YES;
				GCC_WARN_64_TO_32_BIT_CONVERSION = YES;
				GCC_WARN_ABOUT_RETURN_TYPE = YES_ERROR;
				GCC_WARN_UNDECLARED_SELECTOR = YES;
				GCC_WARN_UNINITIALIZED_AUTOS = YES_AGGRESSIVE;
				GCC_WARN_UNUSED_FUNCTION = YES;
				GCC_WARN_UNUSED_VARIABLE = YES;
				IPHONEOS_DEPLOYMENT_TARGET = 15.4;
				MTL_ENABLE_DEBUG_INFO = NO;
				MTL_FAST_MATH = YES;
				SDKROOT = iphoneos;
				SWIFT_COMPILATION_MODE = wholemodule;
				SWIFT_OPTIMIZATION_LEVEL = "-O";
				VALIDATE_PRODUCT = YES;
			};
			name = Release;
		};
		259B4CE828254E1C00CE81A2 /* Debug */ = {
			isa = XCBuildConfiguration;
			baseConfigurationReference = 4A46904D5B0D031322943C9E /* Pods-AutorizationProject.debug.xcconfig */;
			buildSettings = {
				ASSETCATALOG_COMPILER_APPICON_NAME = AppIcon;
				ASSETCATALOG_COMPILER_GLOBAL_ACCENT_COLOR_NAME = AccentColor;
				CODE_SIGN_STYLE = Automatic;
				CURRENT_PROJECT_VERSION = 1;
				GENERATE_INFOPLIST_FILE = YES;
				INFOPLIST_FILE = AutorizationProject/Info.plist;
				INFOPLIST_KEY_UIApplicationSupportsIndirectInputEvents = YES;
				INFOPLIST_KEY_UILaunchStoryboardName = LaunchScreen;
				INFOPLIST_KEY_UIMainStoryboardFile = Main;
				INFOPLIST_KEY_UISupportedInterfaceOrientations_iPad = "UIInterfaceOrientationPortrait UIInterfaceOrientationPortraitUpsideDown UIInterfaceOrientationLandscapeLeft UIInterfaceOrientationLandscapeRight";
				INFOPLIST_KEY_UISupportedInterfaceOrientations_iPhone = "UIInterfaceOrientationPortrait UIInterfaceOrientationLandscapeLeft UIInterfaceOrientationLandscapeRight";
				LD_RUNPATH_SEARCH_PATHS = (
					"$(inherited)",
					"@executable_path/Frameworks",
				);
				MARKETING_VERSION = 1.0;
				PRODUCT_BUNDLE_IDENTIFIER = Sheelow.AutorizationProject;
				PRODUCT_NAME = "$(TARGET_NAME)";
				SWIFT_EMIT_LOC_STRINGS = YES;
				SWIFT_VERSION = 5.0;
				TARGETED_DEVICE_FAMILY = "1,2";
			};
			name = Debug;
		};
		259B4CE928254E1C00CE81A2 /* Release */ = {
			isa = XCBuildConfiguration;
			baseConfigurationReference = FA49F2413E79E06AB18403A7 /* Pods-AutorizationProject.release.xcconfig */;
			buildSettings = {
				ASSETCATALOG_COMPILER_APPICON_NAME = AppIcon;
				ASSETCATALOG_COMPILER_GLOBAL_ACCENT_COLOR_NAME = AccentColor;
				CODE_SIGN_STYLE = Automatic;
				CURRENT_PROJECT_VERSION = 1;
				GENERATE_INFOPLIST_FILE = YES;
				INFOPLIST_FILE = AutorizationProject/Info.plist;
				INFOPLIST_KEY_UIApplicationSupportsIndirectInputEvents = YES;
				INFOPLIST_KEY_UILaunchStoryboardName = LaunchScreen;
				INFOPLIST_KEY_UIMainStoryboardFile = Main;
				INFOPLIST_KEY_UISupportedInterfaceOrientations_iPad = "UIInterfaceOrientationPortrait UIInterfaceOrientationPortraitUpsideDown UIInterfaceOrientationLandscapeLeft UIInterfaceOrientationLandscapeRight";
				INFOPLIST_KEY_UISupportedInterfaceOrientations_iPhone = "UIInterfaceOrientationPortrait UIInterfaceOrientationLandscapeLeft UIInterfaceOrientationLandscapeRight";
				LD_RUNPATH_SEARCH_PATHS = (
					"$(inherited)",
					"@executable_path/Frameworks",
				);
				MARKETING_VERSION = 1.0;
				PRODUCT_BUNDLE_IDENTIFIER = Sheelow.AutorizationProject;
				PRODUCT_NAME = "$(TARGET_NAME)";
				SWIFT_EMIT_LOC_STRINGS = YES;
				SWIFT_VERSION = 5.0;
				TARGETED_DEVICE_FAMILY = "1,2";
			};
			name = Release;
		};
/* End XCBuildConfiguration section */

/* Begin XCConfigurationList section */
		259B4CCE28254E1B00CE81A2 /* Build configuration list for PBXProject "AutorizationProject" */ = {
			isa = XCConfigurationList;
			buildConfigurations = (
				259B4CE528254E1C00CE81A2 /* Debug */,
				259B4CE628254E1C00CE81A2 /* Release */,
			);
			defaultConfigurationIsVisible = 0;
			defaultConfigurationName = Release;
		};
		259B4CE728254E1C00CE81A2 /* Build configuration list for PBXNativeTarget "AutorizationProject" */ = {
			isa = XCConfigurationList;
			buildConfigurations = (
				259B4CE828254E1C00CE81A2 /* Debug */,
				259B4CE928254E1C00CE81A2 /* Release */,
			);
			defaultConfigurationIsVisible = 0;
			defaultConfigurationName = Release;
		};
/* End XCConfigurationList section */

/* Begin XCRemoteSwiftPackageReference section */
		251CB8BB283E227B003E6029 /* XCRemoteSwiftPackageReference "Kingfisher" */ = {
			isa = XCRemoteSwiftPackageReference;
			repositoryURL = "https://github.com/onevcat/Kingfisher.git";
			requirement = {
				kind = upToNextMajorVersion;
				minimumVersion = 7.0.0;
			};
		};
/* End XCRemoteSwiftPackageReference section */

/* Begin XCSwiftPackageProductDependency section */
		251CB8BC283E227B003E6029 /* Kingfisher */ = {
			isa = XCSwiftPackageProductDependency;
			package = 251CB8BB283E227B003E6029 /* XCRemoteSwiftPackageReference "Kingfisher" */;
			productName = Kingfisher;
		};
/* End XCSwiftPackageProductDependency section */
	};
	rootObject = 259B4CCB28254E1B00CE81A2 /* Project object */;
}
